// !$*UTF8*$!
{
	archiveVersion = 1;
	classes = {
	};
	objectVersion = 46;
	objects = {

/* Begin PBXBuildFile section */
		11E7482E1B796F7D00D3E438 /* AppDelegate.swift in Sources */ = {isa = PBXBuildFile; fileRef = 11E7482D1B796F7D00D3E438 /* AppDelegate.swift */; };
		11E748301B796F7D00D3E438 /* ViewController.swift in Sources */ = {isa = PBXBuildFile; fileRef = 11E7482F1B796F7D00D3E438 /* ViewController.swift */; };
		11E748331B796F7D00D3E438 /* Main.storyboard in Resources */ = {isa = PBXBuildFile; fileRef = 11E748311B796F7D00D3E438 /* Main.storyboard */; };
		11E748351B796F7D00D3E438 /* Images.xcassets in Resources */ = {isa = PBXBuildFile; fileRef = 11E748341B796F7D00D3E438 /* Images.xcassets */; };
		11E748381B796F7D00D3E438 /* LaunchScreen.xib in Resources */ = {isa = PBXBuildFile; fileRef = 11E748361B796F7D00D3E438 /* LaunchScreen.xib */; };
		11E748441B796F7D00D3E438 /* SceneTubeTests.swift in Sources */ = {isa = PBXBuildFile; fileRef = 11E748431B796F7D00D3E438 /* SceneTubeTests.swift */; };
		11E748541B7A28FE00D3E438 /* LinkScene.swift in Sources */ = {isa = PBXBuildFile; fileRef = 11E748531B7A28FE00D3E438 /* LinkScene.swift */; };
		11E748571B7A32E600D3E438 /* SceneKit.framework in Frameworks */ = {isa = PBXBuildFile; fileRef = 11E7484D1B796FDE00D3E438 /* SceneKit.framework */; };
/* End PBXBuildFile section */

/* Begin PBXContainerItemProxy section */
		11E7483E1B796F7D00D3E438 /* PBXContainerItemProxy */ = {
			isa = PBXContainerItemProxy;
			containerPortal = 11E748201B796F7D00D3E438 /* Project object */;
			proxyType = 1;
			remoteGlobalIDString = 11E748271B796F7D00D3E438;
			remoteInfo = SceneTube;
		};
/* End PBXContainerItemProxy section */

/* Begin PBXFileReference section */
		11E748281B796F7D00D3E438 /* SceneTube.app */ = {isa = PBXFileReference; explicitFileType = wrapper.application; includeInIndex = 0; path = SceneTube.app; sourceTree = BUILT_PRODUCTS_DIR; };
		11E7482C1B796F7D00D3E438 /* Info.plist */ = {isa = PBXFileReference; lastKnownFileType = text.plist.xml; path = Info.plist; sourceTree = "<group>"; };
		11E7482D1B796F7D00D3E438 /* AppDelegate.swift */ = {isa = PBXFileReference; lastKnownFileType = sourcecode.swift; path = AppDelegate.swift; sourceTree = "<group>"; };
		11E7482F1B796F7D00D3E438 /* ViewController.swift */ = {isa = PBXFileReference; lastKnownFileType = sourcecode.swift; path = ViewController.swift; sourceTree = "<group>"; };
		11E748321B796F7D00D3E438 /* Base */ = {isa = PBXFileReference; lastKnownFileType = file.storyboard; name = Base; path = Base.lproj/Main.storyboard; sourceTree = "<group>"; };
		11E748341B796F7D00D3E438 /* Images.xcassets */ = {isa = PBXFileReference; lastKnownFileType = folder.assetcatalog; path = Images.xcassets; sourceTree = "<group>"; };
		11E748371B796F7D00D3E438 /* Base */ = {isa = PBXFileReference; lastKnownFileType = file.xib; name = Base; path = Base.lproj/LaunchScreen.xib; sourceTree = "<group>"; };
		11E7483D1B796F7D00D3E438 /* SceneTubeTests.xctest */ = {isa = PBXFileReference; explicitFileType = wrapper.cfbundle; includeInIndex = 0; path = SceneTubeTests.xctest; sourceTree = BUILT_PRODUCTS_DIR; };
		11E748421B796F7D00D3E438 /* Info.plist */ = {isa = PBXFileReference; lastKnownFileType = text.plist.xml; path = Info.plist; sourceTree = "<group>"; };
		11E748431B796F7D00D3E438 /* SceneTubeTests.swift */ = {isa = PBXFileReference; lastKnownFileType = sourcecode.swift; path = SceneTubeTests.swift; sourceTree = "<group>"; };
		11E7484D1B796FDE00D3E438 /* SceneKit.framework */ = {isa = PBXFileReference; lastKnownFileType = wrapper.framework; name = SceneKit.framework; path = System/Library/Frameworks/SceneKit.framework; sourceTree = SDKROOT; };
		11E748531B7A28FE00D3E438 /* LinkScene.swift */ = {isa = PBXFileReference; fileEncoding = 4; lastKnownFileType = sourcecode.swift; path = LinkScene.swift; sourceTree = "<group>"; };
/* End PBXFileReference section */

/* Begin PBXFrameworksBuildPhase section */
		11E748251B796F7D00D3E438 /* Frameworks */ = {
			isa = PBXFrameworksBuildPhase;
			buildActionMask = 2147483647;
			files = (
				11E748571B7A32E600D3E438 /* SceneKit.framework in Frameworks */,
			);
			runOnlyForDeploymentPostprocessing = 0;
		};
		11E7483A1B796F7D00D3E438 /* Frameworks */ = {
			isa = PBXFrameworksBuildPhase;
			buildActionMask = 2147483647;
			files = (
			);
			runOnlyForDeploymentPostprocessing = 0;
		};
/* End PBXFrameworksBuildPhase section */

/* Begin PBXGroup section */
		11E7481F1B796F7D00D3E438 = {
			isa = PBXGroup;
			children = (
				11E7482A1B796F7D00D3E438 /* SceneTube */,
				11E748401B796F7D00D3E438 /* SceneTubeTests */,
				11E748291B796F7D00D3E438 /* Products */,
			);
			sourceTree = "<group>";
		};
		11E748291B796F7D00D3E438 /* Products */ = {
			isa = PBXGroup;
			children = (
				11E748281B796F7D00D3E438 /* SceneTube.app */,
				11E7483D1B796F7D00D3E438 /* SceneTubeTests.xctest */,
			);
			name = Products;
			sourceTree = "<group>";
		};
		11E7482A1B796F7D00D3E438 /* SceneTube */ = {
			isa = PBXGroup;
			children = (
				11E7482D1B796F7D00D3E438 /* AppDelegate.swift */,
				11E7482F1B796F7D00D3E438 /* ViewController.swift */,
				11E748531B7A28FE00D3E438 /* LinkScene.swift */,
				11E748311B796F7D00D3E438 /* Main.storyboard */,
				11E748341B796F7D00D3E438 /* Images.xcassets */,
				11E748361B796F7D00D3E438 /* LaunchScreen.xib */,
				11E7484D1B796FDE00D3E438 /* SceneKit.framework */,
				11E7482B1B796F7D00D3E438 /* Supporting Files */,
			);
			path = SceneTube;
			sourceTree = "<group>";
		};
		11E7482B1B796F7D00D3E438 /* Supporting Files */ = {
			isa = PBXGroup;
			children = (
				11E7482C1B796F7D00D3E438 /* Info.plist */,
			);
			name = "Supporting Files";
			sourceTree = "<group>";
		};
		11E748401B796F7D00D3E438 /* SceneTubeTests */ = {
			isa = PBXGroup;
			children = (
				11E748431B796F7D00D3E438 /* SceneTubeTests.swift */,
				11E748411B796F7D00D3E438 /* Supporting Files */,
			);
			path = SceneTubeTests;
			sourceTree = "<group>";
		};
		11E748411B796F7D00D3E438 /* Supporting Files */ = {
			isa = PBXGroup;
			children = (
				11E748421B796F7D00D3E438 /* Info.plist */,
			);
			name = "Supporting Files";
			sourceTree = "<group>";
		};
/* End PBXGroup section */

/* Begin PBXNativeTarget section */
		11E748271B796F7D00D3E438 /* SceneTube */ = {
			isa = PBXNativeTarget;
			buildConfigurationList = 11E748471B796F7D00D3E438 /* Build configuration list for PBXNativeTarget "SceneTube" */;
			buildPhases = (
				11E748241B796F7D00D3E438 /* Sources */,
				11E748251B796F7D00D3E438 /* Frameworks */,
				11E748261B796F7D00D3E438 /* Resources */,
			);
			buildRules = (
			);
			dependencies = (
			);
			name = SceneTube;
			productName = SceneTube;
			productReference = 11E748281B796F7D00D3E438 /* SceneTube.app */;
			productType = "com.apple.product-type.application";
		};
		11E7483C1B796F7D00D3E438 /* SceneTubeTests */ = {
			isa = PBXNativeTarget;
			buildConfigurationList = 11E7484A1B796F7D00D3E438 /* Build configuration list for PBXNativeTarget "SceneTubeTests" */;
			buildPhases = (
				11E748391B796F7D00D3E438 /* Sources */,
				11E7483A1B796F7D00D3E438 /* Frameworks */,
				11E7483B1B796F7D00D3E438 /* Resources */,
			);
			buildRules = (
			);
			dependencies = (
				11E7483F1B796F7D00D3E438 /* PBXTargetDependency */,
			);
			name = SceneTubeTests;
			productName = SceneTubeTests;
			productReference = 11E7483D1B796F7D00D3E438 /* SceneTubeTests.xctest */;
			productType = "com.apple.product-type.bundle.unit-test";
		};
/* End PBXNativeTarget section */

/* Begin PBXProject section */
		11E748201B796F7D00D3E438 /* Project object */ = {
			isa = PBXProject;
			attributes = {
				LastUpgradeCheck = 0640;
				ORGANIZATIONNAME = LawrenceM;
				TargetAttributes = {
					11E748271B796F7D00D3E438 = {
						CreatedOnToolsVersion = 6.4;
					};
					11E7483C1B796F7D00D3E438 = {
						CreatedOnToolsVersion = 6.4;
						TestTargetID = 11E748271B796F7D00D3E438;
					};
				};
			};
			buildConfigurationList = 11E748231B796F7D00D3E438 /* Build configuration list for PBXProject "SceneTube" */;
			compatibilityVersion = "Xcode 3.2";
			developmentRegion = English;
			hasScannedForEncodings = 0;
			knownRegions = (
				en,
				Base,
			);
			mainGroup = 11E7481F1B796F7D00D3E438;
			productRefGroup = 11E748291B796F7D00D3E438 /* Products */;
			projectDirPath = "";
			projectRoot = "";
			targets = (
				11E748271B796F7D00D3E438 /* SceneTube */,
				11E7483C1B796F7D00D3E438 /* SceneTubeTests */,
			);
		};
/* End PBXProject section */

/* Begin PBXResourcesBuildPhase section */
		11E748261B796F7D00D3E438 /* Resources */ = {
			isa = PBXResourcesBuildPhase;
			buildActionMask = 2147483647;
			files = (
				11E748331B796F7D00D3E438 /* Main.storyboard in Resources */,
				11E748381B796F7D00D3E438 /* LaunchScreen.xib in Resources */,
				11E748351B796F7D00D3E438 /* Images.xcassets in Resources */,
			);
			runOnlyForDeploymentPostprocessing = 0;
		};
		11E7483B1B796F7D00D3E438 /* Resources */ = {
			isa = PBXResourcesBuildPhase;
			buildActionMask = 2147483647;
			files = (
			);
			runOnlyForDeploymentPostprocessing = 0;
		};
/* End PBXResourcesBuildPhase section */

/* Begin PBXSourcesBuildPhase section */
		11E748241B796F7D00D3E438 /* Sources */ = {
			isa = PBXSourcesBuildPhase;
			buildActionMask = 2147483647;
			files = (
				11E748301B796F7D00D3E438 /* ViewController.swift in Sources */,
				11E7482E1B796F7D00D3E438 /* AppDelegate.swift in Sources */,
				11E748541B7A28FE00D3E438 /* LinkScene.swift in Sources */,
			);
			runOnlyForDeploymentPostprocessing = 0;
		};
		11E748391B796F7D00D3E438 /* Sources */ = {
			isa = PBXSourcesBuildPhase;
			buildActionMask = 2147483647;
			files = (
				11E748441B796F7D00D3E438 /* SceneTubeTests.swift in Sources */,
			);
			runOnlyForDeploymentPostprocessing = 0;
		};
/* End PBXSourcesBuildPhase section */

/* Begin PBXTargetDependency section */
		11E7483F1B796F7D00D3E438 /* PBXTargetDependency */ = {
			isa = PBXTargetDependency;
			target = 11E748271B796F7D00D3E438 /* SceneTube */;
			targetProxy = 11E7483E1B796F7D00D3E438 /* PBXContainerItemProxy */;
		};
/* End PBXTargetDependency section */

/* Begin PBXVariantGroup section */
		11E748311B796F7D00D3E438 /* Main.storyboard */ = {
			isa = PBXVariantGroup;
			children = (
				11E748321B796F7D00D3E438 /* Base */,
			);
			name = Main.storyboard;
			sourceTree = "<group>";
		};
		11E748361B796F7D00D3E438 /* LaunchScreen.xib */ = {
			isa = PBXVariantGroup;
			children = (
				11E748371B796F7D00D3E438 /* Base */,
			);
			name = LaunchScreen.xib;
			sourceTree = "<group>";
		};
/* End PBXVariantGroup section */

/* Begin XCBuildConfiguration section */
		11E748451B796F7D00D3E438 /* Debug */ = {
			isa = XCBuildConfiguration;
			buildSettings = {
				ALWAYS_SEARCH_USER_PATHS = NO;
				CLANG_CXX_LANGUAGE_STANDARD = "gnu++0x";
				CLANG_CXX_LIBRARY = "libc++";
				CLANG_ENABLE_MODULES = YES;
				CLANG_ENABLE_OBJC_ARC = YES;
				CLANG_WARN_BOOL_CONVERSION = YES;
				CLANG_WARN_CONSTANT_CONVERSION = YES;
				CLANG_WARN_DIRECT_OBJC_ISA_USAGE = YES_ERROR;
				CLANG_WARN_EMPTY_BODY = YES;
				CLANG_WARN_ENUM_CONVERSION = YES;
				CLANG_WARN_INT_CONVERSION = YES;
				CLANG_WARN_OBJC_ROOT_CLASS = YES_ERROR;
				CLANG_WARN_UNREACHABLE_CODE = YES;
				CLANG_WARN__DUPLICATE_METHOD_MATCH = YES;
				"CODE_SIGN_IDENTITY[sdk=iphoneos*]" = "iPhone Developer";
				COPY_PHASE_STRIP = NO;
				DEBUG_INFORMATION_FORMAT = "dwarf-with-dsym";
				ENABLE_STRICT_OBJC_MSGSEND = YES;
				GCC_C_LANGUAGE_STANDARD = gnu99;
				GCC_DYNAMIC_NO_PIC = NO;
				GCC_NO_COMMON_BLOCKS = YES;
				GCC_OPTIMIZATION_LEVEL = 0;
				GCC_PREPROCESSOR_DEFINITIONS = (
					"DEBUG=1",
					"$(inherited)",
				);
				GCC_SYMBOLS_PRIVATE_EXTERN = NO;
				GCC_WARN_64_TO_32_BIT_CONVERSION = YES;
				GCC_WARN_ABOUT_RETURN_TYPE = YES_ERROR;
				GCC_WARN_UNDECLARED_SELECTOR = YES;
				GCC_WARN_UNINITIALIZED_AUTOS = YES_AGGRESSIVE;
				GCC_WARN_UNUSED_FUNCTION = YES;
				GCC_WARN_UNUSED_VARIABLE = YES;
				IPHONEOS_DEPLOYMENT_TARGET = 8.4;
				MTL_ENABLE_DEBUG_INFO = YES;
				ONLY_ACTIVE_ARCH = YES;
				SDKROOT = iphoneos;
				SWIFT_OPTIMIZATION_LEVEL = "-Onone";
				TARGETED_DEVICE_FAMILY = "1,2";
			};
			name = Debug;
		};
		11E748461B796F7D00D3E438 /* Release */ = {
			isa = XCBuildConfiguration;
			buildSettings = {
				ALWAYS_SEARCH_USER_PATHS = NO;
				CLANG_CXX_LANGUAGE_STANDARD = "gnu++0x";
				CLANG_CXX_LIBRARY = "libc++";
				CLANG_ENABLE_MODULES = YES;
				CLANG_ENABLE_OBJC_ARC = YES;
				CLANG_WARN_BOOL_CONVERSION = YES;
				CLANG_WARN_CONSTANT_CONVERSION = YES;
				CLANG_WARN_DIRECT_OBJC_ISA_USAGE = YES_ERROR;
				CLANG_WARN_EMPTY_BODY = YES;
				CLANG_WARN_ENUM_CONVERSION = YES;
				CLANG_WARN_INT_CONVERSION = YES;
				CLANG_WARN_OBJC_ROOT_CLASS = YES_ERROR;
				CLANG_WARN_UNREACHABLE_CODE = YES;
				CLANG_WARN__DUPLICATE_METHOD_MATCH = YES;
				"CODE_SIGN_IDENTITY[sdk=iphoneos*]" = "iPhone Developer";
				COPY_PHASE_STRIP = NO;
				DEBUG_INFORMATION_FORMAT = "dwarf-with-dsym";
				ENABLE_NS_ASSERTIONS = NO;
				ENABLE_STRICT_OBJC_MSGSEND = YES;
				GCC_C_LANGUAGE_STANDARD = gnu99;
				GCC_NO_COMMON_BLOCKS = YES;
				GCC_WARN_64_TO_32_BIT_CONVERSION = YES;
				GCC_WARN_ABOUT_RETURN_TYPE = YES_ERROR;
				GCC_WARN_UNDECLARED_SELECTOR = YES;
				GCC_WARN_UNINITIALIZED_AUTOS = YES_AGGRESSIVE;
				GCC_WARN_UNUSED_FUNCTION = YES;
				GCC_WARN_UNUSED_VARIABLE = YES;
				IPHONEOS_DEPLOYMENT_TARGET = 8.4;
				MTL_ENABLE_DEBUG_INFO = NO;
				SDKROOT = iphoneos;
				TARGETED_DEVICE_FAMILY = "1,2";
				VALIDATE_PRODUCT = YES;
			};
			name = Release;
		};
		11E748481B796F7D00D3E438 /* Debug */ = {
			isa = XCBuildConfiguration;
			buildSettings = {
				ASSETCATALOG_COMPILER_APPICON_NAME = AppIcon;
				INFOPLIST_FILE = SceneTube/Info.plist;
				LD_RUNPATH_SEARCH_PATHS = "$(inherited) @executable_path/Frameworks";
				PRODUCT_NAME = "$(TARGET_NAME)";
			};
			name = Debug;
		};
		11E748491B796F7D00D3E438 /* Release */ = {
			isa = XCBuildConfiguration;
			buildSettings = {
				ASSETCATALOG_COMPILER_APPICON_NAME = AppIcon;
				INFOPLIST_FILE = SceneTube/Info.plist;
				LD_RUNPATH_SEARCH_PATHS = "$(inherited) @executable_path/Frameworks";
				PRODUCT_NAME = "$(TARGET_NAME)";
			};
			name = Release;
		};
		11E7484B1B796F7D00D3E438 /* Debug */ = {
			isa = XCBuildConfiguration;
			buildSettings = {
				BUNDLE_LOADER = "$(TEST_HOST)";
				FRAMEWORK_SEARCH_PATHS = (
					"$(SDKROOT)/Developer/Library/Frameworks",
					"$(inherited)",
				);
				GCC_PREPROCESSOR_DEFINITIONS = (
					"DEBUG=1",
					"$(inherited)",
				);
				INFOPLIST_FILE = SceneTubeTests/Info.plist;
				LD_RUNPATH_SEARCH_PATHS = "$(inherited) @executable_path/Frameworks @loader_path/Frameworks";
				PRODUCT_NAME = "$(TARGET_NAME)";
				TEST_HOST = "$(BUILT_PRODUCTS_DIR)/SceneTube.app/SceneTube";
			};
			name = Debug;
		};
		11E7484C1B796F7D00D3E438 /* Release */ = {
			isa = XCBuildConfiguration;
			buildSettings = {
				BUNDLE_LOADER = "$(TEST_HOST)";
				FRAMEWORK_SEARCH_PATHS = (
					"$(SDKROOT)/Developer/Library/Frameworks",
					"$(inherited)",
				);
				INFOPLIST_FILE = SceneTubeTests/Info.plist;
				LD_RUNPATH_SEARCH_PATHS = "$(inherited) @executable_path/Frameworks @loader_path/Frameworks";
				PRODUCT_NAME = "$(TARGET_NAME)";
				TEST_HOST = "$(BUILT_PRODUCTS_DIR)/SceneTube.app/SceneTube";
			};
			name = Release;
		};
/* End XCBuildConfiguration section */

/* Begin XCConfigurationList section */
		11E748231B796F7D00D3E438 /* Build configuration list for PBXProject "SceneTube" */ = {
			isa = XCConfigurationList;
			buildConfigurations = (
				11E748451B796F7D00D3E438 /* Debug */,
				11E748461B796F7D00D3E438 /* Release */,
			);
			defaultConfigurationIsVisible = 0;
			defaultConfigurationName = Release;
		};
		11E748471B796F7D00D3E438 /* Build configuration list for PBXNativeTarget "SceneTube" */ = {
			isa = XCConfigurationList;
			buildConfigurations = (
				11E748481B796F7D00D3E438 /* Debug */,
				11E748491B796F7D00D3E438 /* Release */,
			);
			defaultConfigurationIsVisible = 0;
		};
		11E7484A1B796F7D00D3E438 /* Build configuration list for PBXNativeTarget "SceneTubeTests" */ = {
			isa = XCConfigurationList;
			buildConfigurations = (
				11E7484B1B796F7D00D3E438 /* Debug */,
				11E7484C1B796F7D00D3E438 /* Release */,
			);
			defaultConfigurationIsVisible = 0;
		};
/* End XCConfigurationList section */
	};
	rootObject = 11E748201B796F7D00D3E438 /* Project object */;
}
